# This file is automatically @generated by Cargo.
# It is not intended for manual editing.
version = 3

[[package]]
name = "error"
version = "0.1.0"

[[package]]
name = "log"
version = "0.1.0"

[[package]]
name = "safety"
version = "0.1.0"

[[package]]
name = "server"
version = "0.1.0"

[[package]]
name = "web-core"
version = "0.1.0"

[[package]]
name = "web-test"
version = "0.1.0"
